
Microsoft Visual Studio Solution File, Format Version 12.00
# Visual Studio 15
VisualStudioVersion = 15.0.28010.2050
MinimumVisualStudioVersion = 10.0.40219.1
Project("{FAE04EC0-301F-11D3-BF4B-00C04F79EFBC}") = "Test", "Test\Test.csproj", "{EDFCDF5D-94D0-4063-BCA6-B2B4875B8422}"
EndProject
Global
	GlobalSection(SolutionConfigurationPlatforms) = preSolution
		Debug|Any CPU = Debug|Any CPU
		Release|Any CPU = Release|Any CPU
	EndGlobalSection
	GlobalSection(ProjectConfigurationPlatforms) = postSolution
		{EDFCDF5D-94D0-4063-BCA6-B2B4875B8422}.Debug|Any CPU.ActiveCfg = Debug|Any CPU
		{EDFCDF5D-94D0-4063-BCA6-B2B4875B8422}.Debug|Any CPU.Build.0 = Debug|Any CPU
		{EDFCDF5D-94D0-4063-BCA6-B2B4875B8422}.Release|Any CPU.ActiveCfg = Release|Any CPU
		{EDFCDF5D-94D0-4063-BCA6-B2B4875B8422}.Release|Any CPU.Build.0 = Release|Any CPU
	EndGlobalSection
	GlobalSection(SolutionProperties) = preSolution
		HideSolutionNode = FALSE
	EndGlobalSection
	GlobalSection(ExtensibilityGlobals) = postSolution
		SolutionGuid = {5BF35437-8051-4EF3-B333-A1FE66B41118}
	EndGlobalSection
EndGlobal
